// !$*UTF8*$!
{
	archiveVersion = 1;
	classes = {
	};
	objectVersion = 56;
	objects = {

/* Begin PBXBuildFile section */
		7A7805EB2C872B890041A2B5 /* AppDelegate.swift in Sources */ = {isa = PBXBuildFile; fileRef = 7A7805EA2C872B890041A2B5 /* AppDelegate.swift */; };
		7A7805EF2C872B890041A2B5 /* BasketViewController.swift in Sources */ = {isa = PBXBuildFile; fileRef = 7A7805EE2C872B890041A2B5 /* BasketViewController.swift */; };
		7A7805F42C872B8A0041A2B5 /* Assets.xcassets in Resources */ = {isa = PBXBuildFile; fileRef = 7A7805F32C872B8A0041A2B5 /* Assets.xcassets */; };
		7A7806092C8732290041A2B5 /* SnapKit in Frameworks */ = {isa = PBXBuildFile; productRef = 7A7806082C8732290041A2B5 /* SnapKit */; };
		7A78060C2C87331F0041A2B5 /* BasketContracts.swift in Sources */ = {isa = PBXBuildFile; fileRef = 7A78060B2C87331F0041A2B5 /* BasketContracts.swift */; };
		7A7806102C8733A40041A2B5 /* CartItem.swift in Sources */ = {isa = PBXBuildFile; fileRef = 7A78060F2C8733A40041A2B5 /* CartItem.swift */; };
		7A7806122C873E2D0041A2B5 /* LaunchScreen.storyboard in Resources */ = {isa = PBXBuildFile; fileRef = 7A7806112C873E2D0041A2B5 /* LaunchScreen.storyboard */; };
		7A7806152C8750490041A2B5 /* ProductCell.swift in Sources */ = {isa = PBXBuildFile; fileRef = 7A7806142C8750490041A2B5 /* ProductCell.swift */; };
		7A78061A2C8761600041A2B5 /* ProductCellHeader.swift in Sources */ = {isa = PBXBuildFile; fileRef = 7A7806192C8761600041A2B5 /* ProductCellHeader.swift */; };
		7A78061C2C87D9CC0041A2B5 /* StepperView.swift in Sources */ = {isa = PBXBuildFile; fileRef = 7A78061B2C87D9CC0041A2B5 /* StepperView.swift */; };
		7A78062E2C87E8210041A2B5 /* Nuke in Frameworks */ = {isa = PBXBuildFile; productRef = 7A78062D2C87E8210041A2B5 /* Nuke */; };
		7A7806302C87E8210041A2B5 /* NukeExtensions in Frameworks */ = {isa = PBXBuildFile; productRef = 7A78062F2C87E8210041A2B5 /* NukeExtensions */; };
		7A7806322C87E8210041A2B5 /* NukeUI in Frameworks */ = {isa = PBXBuildFile; productRef = 7A7806312C87E8210041A2B5 /* NukeUI */; };
		7A7806342C87E8210041A2B5 /* NukeVideo in Frameworks */ = {isa = PBXBuildFile; productRef = 7A7806332C87E8210041A2B5 /* NukeVideo */; };
		7A7806362C880D6E0041A2B5 /* NextButton.swift in Sources */ = {isa = PBXBuildFile; fileRef = 7A7806352C880D6E0041A2B5 /* NextButton.swift */; };
		7A7806392C885BCE0041A2B5 /* Colors.xcassets in Resources */ = {isa = PBXBuildFile; fileRef = 7A7806382C885BCD0041A2B5 /* Colors.xcassets */; };
		7A78063C2C886B890041A2B5 /* UIImage + Ext.swift in Sources */ = {isa = PBXBuildFile; fileRef = 7A78063B2C886B890041A2B5 /* UIImage + Ext.swift */; };
/* End PBXBuildFile section */

/* Begin PBXFileReference section */
		7A7805E72C872B890041A2B5 /* MarketPlace.app */ = {isa = PBXFileReference; explicitFileType = wrapper.application; includeInIndex = 0; path = MarketPlace.app; sourceTree = BUILT_PRODUCTS_DIR; };
		7A7805EA2C872B890041A2B5 /* AppDelegate.swift */ = {isa = PBXFileReference; lastKnownFileType = sourcecode.swift; path = AppDelegate.swift; sourceTree = "<group>"; };
		7A7805EE2C872B890041A2B5 /* BasketViewController.swift */ = {isa = PBXFileReference; lastKnownFileType = sourcecode.swift; path = BasketViewController.swift; sourceTree = "<group>"; };
		7A7805F32C872B8A0041A2B5 /* Assets.xcassets */ = {isa = PBXFileReference; lastKnownFileType = folder.assetcatalog; path = Assets.xcassets; sourceTree = "<group>"; };
		7A7805F82C872B8A0041A2B5 /* Info.plist */ = {isa = PBXFileReference; lastKnownFileType = text.plist.xml; path = Info.plist; sourceTree = "<group>"; };
		7A78060B2C87331F0041A2B5 /* BasketContracts.swift */ = {isa = PBXFileReference; lastKnownFileType = sourcecode.swift; path = BasketContracts.swift; sourceTree = "<group>"; };
		7A78060F2C8733A40041A2B5 /* CartItem.swift */ = {isa = PBXFileReference; lastKnownFileType = sourcecode.swift; path = CartItem.swift; sourceTree = "<group>"; };
		7A7806112C873E2D0041A2B5 /* LaunchScreen.storyboard */ = {isa = PBXFileReference; fileEncoding = 4; lastKnownFileType = file.storyboard; path = LaunchScreen.storyboard; sourceTree = "<group>"; };
		7A7806142C8750490041A2B5 /* ProductCell.swift */ = {isa = PBXFileReference; lastKnownFileType = sourcecode.swift; path = ProductCell.swift; sourceTree = "<group>"; };
		7A7806192C8761600041A2B5 /* ProductCellHeader.swift */ = {isa = PBXFileReference; lastKnownFileType = sourcecode.swift; path = ProductCellHeader.swift; sourceTree = "<group>"; };
		7A78061B2C87D9CC0041A2B5 /* StepperView.swift */ = {isa = PBXFileReference; lastKnownFileType = sourcecode.swift; path = StepperView.swift; sourceTree = "<group>"; };
		7A7806352C880D6E0041A2B5 /* NextButton.swift */ = {isa = PBXFileReference; lastKnownFileType = sourcecode.swift; path = NextButton.swift; sourceTree = "<group>"; };
		7A7806382C885BCD0041A2B5 /* Colors.xcassets */ = {isa = PBXFileReference; lastKnownFileType = folder.assetcatalog; path = Colors.xcassets; sourceTree = "<group>"; };
		7A78063B2C886B890041A2B5 /* UIImage + Ext.swift */ = {isa = PBXFileReference; lastKnownFileType = sourcecode.swift; path = "UIImage + Ext.swift"; sourceTree = "<group>"; };
/* End PBXFileReference section */

/* Begin PBXFrameworksBuildPhase section */
		7A7805E42C872B890041A2B5 /* Frameworks */ = {
			isa = PBXFrameworksBuildPhase;
			buildActionMask = 2147483647;
			files = (
				7A7806092C8732290041A2B5 /* SnapKit in Frameworks */,
				7A78062E2C87E8210041A2B5 /* Nuke in Frameworks */,
				7A7806342C87E8210041A2B5 /* NukeVideo in Frameworks */,
				7A7806302C87E8210041A2B5 /* NukeExtensions in Frameworks */,
				7A7806322C87E8210041A2B5 /* NukeUI in Frameworks */,
			);
			runOnlyForDeploymentPostprocessing = 0;
		};
/* End PBXFrameworksBuildPhase section */

/* Begin PBXGroup section */
		7A7805DE2C872B890041A2B5 = {
			isa = PBXGroup;
			children = (
				7A7805FF2C872E450041A2B5 /* ApplicationLayer */,
				7A7806012C872ED80041A2B5 /* Modules */,
				7A7805E82C872B890041A2B5 /* Products */,
				7A7805FE2C872BFE0041A2B5 /* Resources */,
			);
			sourceTree = "<group>";
		};
		7A7805E82C872B890041A2B5 /* Products */ = {
			isa = PBXGroup;
			children = (
				7A7805E72C872B890041A2B5 /* MarketPlace.app */,
			);
			name = Products;
			sourceTree = "<group>";
		};
		7A7805E92C872B890041A2B5 /* Basket */ = {
			isa = PBXGroup;
			children = (
				7A78060B2C87331F0041A2B5 /* BasketContracts.swift */,
				7A7805EE2C872B890041A2B5 /* BasketViewController.swift */,
				7A7806372C880DDE0041A2B5 /* Cells */,
				7A7806132C87503E0041A2B5 /* Views */,
			);
			path = Basket;
			sourceTree = "<group>";
		};
		7A7805FE2C872BFE0041A2B5 /* Resources */ = {
			isa = PBXGroup;
			children = (
				7A7805F32C872B8A0041A2B5 /* Assets.xcassets */,
				7A7806382C885BCD0041A2B5 /* Colors.xcassets */,
				7A7805F82C872B8A0041A2B5 /* Info.plist */,
				7A7806112C873E2D0041A2B5 /* LaunchScreen.storyboard */,
			);
			path = Resources;
			sourceTree = "<group>";
		};
		7A7805FF2C872E450041A2B5 /* ApplicationLayer */ = {
			isa = PBXGroup;
			children = (
				7A78063A2C886B720041A2B5 /* Extension */,
				7A7806002C872E4E0041A2B5 /* AppDelegate */,
				7A78060D2C8733810041A2B5 /* Common */,
			);
			path = ApplicationLayer;
			sourceTree = "<group>";
		};
		7A7806002C872E4E0041A2B5 /* AppDelegate */ = {
			isa = PBXGroup;
			children = (
				7A7805EA2C872B890041A2B5 /* AppDelegate.swift */,
			);
			path = AppDelegate;
			sourceTree = "<group>";
		};
		7A7806012C872ED80041A2B5 /* Modules */ = {
			isa = PBXGroup;
			children = (
				7A7805E92C872B890041A2B5 /* Basket */,
			);
			path = Modules;
			sourceTree = "<group>";
		};
		7A78060D2C8733810041A2B5 /* Common */ = {
			isa = PBXGroup;
			children = (
				7A78060E2C8733860041A2B5 /* Models */,
			);
			path = Common;
			sourceTree = "<group>";
		};
		7A78060E2C8733860041A2B5 /* Models */ = {
			isa = PBXGroup;
			children = (
				7A78060F2C8733A40041A2B5 /* CartItem.swift */,
			);
			path = Models;
			sourceTree = "<group>";
		};
		7A7806132C87503E0041A2B5 /* Views */ = {
			isa = PBXGroup;
			children = (
				7A7806352C880D6E0041A2B5 /* NextButton.swift */,
				7A78061B2C87D9CC0041A2B5 /* StepperView.swift */,
			);
			path = Views;
			sourceTree = "<group>";
		};
		7A7806372C880DDE0041A2B5 /* Cells */ = {
			isa = PBXGroup;
			children = (
				7A7806142C8750490041A2B5 /* ProductCell.swift */,
				7A7806192C8761600041A2B5 /* ProductCellHeader.swift */,
			);
			path = Cells;
			sourceTree = "<group>";
		};
		7A78063A2C886B720041A2B5 /* Extension */ = {
			isa = PBXGroup;
			children = (
				7A78063B2C886B890041A2B5 /* UIImage + Ext.swift */,
			);
			path = Extension;
			sourceTree = "<group>";
		};
/* End PBXGroup section */

/* Begin PBXNativeTarget section */
		7A7805E62C872B890041A2B5 /* MarketPlace */ = {
			isa = PBXNativeTarget;
			buildConfigurationList = 7A7805FB2C872B8A0041A2B5 /* Build configuration list for PBXNativeTarget "MarketPlace" */;
			buildPhases = (
				7A7805E32C872B890041A2B5 /* Sources */,
				7A7805E42C872B890041A2B5 /* Frameworks */,
				7A7805E52C872B890041A2B5 /* Resources */,
			);
			buildRules = (
			);
			dependencies = (
			);
			name = MarketPlace;
			packageProductDependencies = (
				7A7806082C8732290041A2B5 /* SnapKit */,
				7A78062D2C87E8210041A2B5 /* Nuke */,
				7A78062F2C87E8210041A2B5 /* NukeExtensions */,
				7A7806312C87E8210041A2B5 /* NukeUI */,
				7A7806332C87E8210041A2B5 /* NukeVideo */,
			);
			productName = MarketPlace;
			productReference = 7A7805E72C872B890041A2B5 /* MarketPlace.app */;
			productType = "com.apple.product-type.application";
		};
/* End PBXNativeTarget section */

/* Begin PBXProject section */
		7A7805DF2C872B890041A2B5 /* Project object */ = {
			isa = PBXProject;
			attributes = {
				BuildIndependentTargetsInParallel = 1;
				LastSwiftUpdateCheck = 1540;
				LastUpgradeCheck = 1540;
				TargetAttributes = {
					7A7805E62C872B890041A2B5 = {
						CreatedOnToolsVersion = 15.4;
					};
				};
			};
			buildConfigurationList = 7A7805E22C872B890041A2B5 /* Build configuration list for PBXProject "MarketPlace" */;
			compatibilityVersion = "Xcode 14.0";
			developmentRegion = en;
			hasScannedForEncodings = 0;
			knownRegions = (
				en,
				Base,
			);
			mainGroup = 7A7805DE2C872B890041A2B5;
			packageReferences = (
				7A7806072C8732290041A2B5 /* XCRemoteSwiftPackageReference "SnapKit" */,
				7A78062C2C87E8210041A2B5 /* XCRemoteSwiftPackageReference "Nuke" */,
			);
			productRefGroup = 7A7805E82C872B890041A2B5 /* Products */;
			projectDirPath = "";
			projectRoot = "";
			targets = (
				7A7805E62C872B890041A2B5 /* MarketPlace */,
			);
		};
/* End PBXProject section */

/* Begin PBXResourcesBuildPhase section */
		7A7805E52C872B890041A2B5 /* Resources */ = {
			isa = PBXResourcesBuildPhase;
			buildActionMask = 2147483647;
			files = (
				7A7806392C885BCE0041A2B5 /* Colors.xcassets in Resources */,
				7A7805F42C872B8A0041A2B5 /* Assets.xcassets in Resources */,
				7A7806122C873E2D0041A2B5 /* LaunchScreen.storyboard in Resources */,
			);
			runOnlyForDeploymentPostprocessing = 0;
		};
/* End PBXResourcesBuildPhase section */

/* Begin PBXSourcesBuildPhase section */
		7A7805E32C872B890041A2B5 /* Sources */ = {
			isa = PBXSourcesBuildPhase;
			buildActionMask = 2147483647;
			files = (
				7A7806102C8733A40041A2B5 /* CartItem.swift in Sources */,
				7A7805EF2C872B890041A2B5 /* BasketViewController.swift in Sources */,
				7A7806152C8750490041A2B5 /* ProductCell.swift in Sources */,
				7A78063C2C886B890041A2B5 /* UIImage + Ext.swift in Sources */,
				7A7805EB2C872B890041A2B5 /* AppDelegate.swift in Sources */,
				7A78061C2C87D9CC0041A2B5 /* StepperView.swift in Sources */,
				7A78061A2C8761600041A2B5 /* ProductCellHeader.swift in Sources */,
				7A7806362C880D6E0041A2B5 /* NextButton.swift in Sources */,
				7A78060C2C87331F0041A2B5 /* BasketContracts.swift in Sources */,
			);
			runOnlyForDeploymentPostprocessing = 0;
		};
/* End PBXSourcesBuildPhase section */

/* Begin XCBuildConfiguration section */
		7A7805F92C872B8A0041A2B5 /* Debug */ = {
			isa = XCBuildConfiguration;
			buildSettings = {
				ALWAYS_SEARCH_USER_PATHS = NO;
				ASSETCATALOG_COMPILER_GENERATE_SWIFT_ASSET_SYMBOL_EXTENSIONS = YES;
				CLANG_ANALYZER_NONNULL = YES;
				CLANG_ANALYZER_NUMBER_OBJECT_CONVERSION = YES_AGGRESSIVE;
				CLANG_CXX_LANGUAGE_STANDARD = "gnu++20";
				CLANG_ENABLE_MODULES = YES;
				CLANG_ENABLE_OBJC_ARC = YES;
				CLANG_ENABLE_OBJC_WEAK = YES;
				CLANG_WARN_BLOCK_CAPTURE_AUTORELEASING = YES;
				CLANG_WARN_BOOL_CONVERSION = YES;
				CLANG_WARN_COMMA = YES;
				CLANG_WARN_CONSTANT_CONVERSION = YES;
				CLANG_WARN_DEPRECATED_OBJC_IMPLEMENTATIONS = YES;
				CLANG_WARN_DIRECT_OBJC_ISA_USAGE = YES_ERROR;
				CLANG_WARN_DOCUMENTATION_COMMENTS = YES;
				CLANG_WARN_EMPTY_BODY = YES;
				CLANG_WARN_ENUM_CONVERSION = YES;
				CLANG_WARN_INFINITE_RECURSION = YES;
				CLANG_WARN_INT_CONVERSION = YES;
				CLANG_WARN_NON_LITERAL_NULL_CONVERSION = YES;
				CLANG_WARN_OBJC_IMPLICIT_RETAIN_SELF = YES;
				CLANG_WARN_OBJC_LITERAL_CONVERSION = YES;
				CLANG_WARN_OBJC_ROOT_CLASS = YES_ERROR;
				CLANG_WARN_QUOTED_INCLUDE_IN_FRAMEWORK_HEADER = YES;
				CLANG_WARN_RANGE_LOOP_ANALYSIS = YES;
				CLANG_WARN_STRICT_PROTOTYPES = YES;
				CLANG_WARN_SUSPICIOUS_MOVE = YES;
				CLANG_WARN_UNGUARDED_AVAILABILITY = YES_AGGRESSIVE;
				CLANG_WARN_UNREACHABLE_CODE = YES;
				CLANG_WARN__DUPLICATE_METHOD_MATCH = YES;
				COPY_PHASE_STRIP = NO;
				DEBUG_INFORMATION_FORMAT = dwarf;
				ENABLE_STRICT_OBJC_MSGSEND = YES;
				ENABLE_TESTABILITY = YES;
				ENABLE_USER_SCRIPT_SANDBOXING = YES;
				GCC_C_LANGUAGE_STANDARD = gnu17;
				GCC_DYNAMIC_NO_PIC = NO;
				GCC_NO_COMMON_BLOCKS = YES;
				GCC_OPTIMIZATION_LEVEL = 0;
				GCC_PREPROCESSOR_DEFINITIONS = (
					"DEBUG=1",
					"$(inherited)",
				);
				GCC_WARN_64_TO_32_BIT_CONVERSION = YES;
				GCC_WARN_ABOUT_RETURN_TYPE = YES_ERROR;
				GCC_WARN_UNDECLARED_SELECTOR = YES;
				GCC_WARN_UNINITIALIZED_AUTOS = YES_AGGRESSIVE;
				GCC_WARN_UNUSED_FUNCTION = YES;
				GCC_WARN_UNUSED_VARIABLE = YES;
				IPHONEOS_DEPLOYMENT_TARGET = 17.5;
				LOCALIZATION_PREFERS_STRING_CATALOGS = YES;
				MTL_ENABLE_DEBUG_INFO = INCLUDE_SOURCE;
				MTL_FAST_MATH = YES;
				ONLY_ACTIVE_ARCH = YES;
				SDKROOT = iphoneos;
				SWIFT_ACTIVE_COMPILATION_CONDITIONS = "DEBUG $(inherited)";
				SWIFT_OPTIMIZATION_LEVEL = "-Onone";
			};
			name = Debug;
		};
		7A7805FA2C872B8A0041A2B5 /* Release */ = {
			isa = XCBuildConfiguration;
			buildSettings = {
				ALWAYS_SEARCH_USER_PATHS = NO;
				ASSETCATALOG_COMPILER_GENERATE_SWIFT_ASSET_SYMBOL_EXTENSIONS = YES;
				CLANG_ANALYZER_NONNULL = YES;
				CLANG_ANALYZER_NUMBER_OBJECT_CONVERSION = YES_AGGRESSIVE;
				CLANG_CXX_LANGUAGE_STANDARD = "gnu++20";
				CLANG_ENABLE_MODULES = YES;
				CLANG_ENABLE_OBJC_ARC = YES;
				CLANG_ENABLE_OBJC_WEAK = YES;
				CLANG_WARN_BLOCK_CAPTURE_AUTORELEASING = YES;
				CLANG_WARN_BOOL_CONVERSION = YES;
				CLANG_WARN_COMMA = YES;
				CLANG_WARN_CONSTANT_CONVERSION = YES;
				CLANG_WARN_DEPRECATED_OBJC_IMPLEMENTATIONS = YES;
				CLANG_WARN_DIRECT_OBJC_ISA_USAGE = YES_ERROR;
				CLANG_WARN_DOCUMENTATION_COMMENTS = YES;
				CLANG_WARN_EMPTY_BODY = YES;
				CLANG_WARN_ENUM_CONVERSION = YES;
				CLANG_WARN_INFINITE_RECURSION = YES;
				CLANG_WARN_INT_CONVERSION = YES;
				CLANG_WARN_NON_LITERAL_NULL_CONVERSION = YES;
				CLANG_WARN_OBJC_IMPLICIT_RETAIN_SELF = YES;
				CLANG_WARN_OBJC_LITERAL_CONVERSION = YES;
				CLANG_WARN_OBJC_ROOT_CLASS = YES_ERROR;
				CLANG_WARN_QUOTED_INCLUDE_IN_FRAMEWORK_HEADER = YES;
				CLANG_WARN_RANGE_LOOP_ANALYSIS = YES;
				CLANG_WARN_STRICT_PROTOTYPES = YES;
				CLANG_WARN_SUSPICIOUS_MOVE = YES;
				CLANG_WARN_UNGUARDED_AVAILABILITY = YES_AGGRESSIVE;
				CLANG_WARN_UNREACHABLE_CODE = YES;
				CLANG_WARN__DUPLICATE_METHOD_MATCH = YES;
				COPY_PHASE_STRIP = NO;
				DEBUG_INFORMATION_FORMAT = "dwarf-with-dsym";
				ENABLE_NS_ASSERTIONS = NO;
				ENABLE_STRICT_OBJC_MSGSEND = YES;
				ENABLE_USER_SCRIPT_SANDBOXING = YES;
				GCC_C_LANGUAGE_STANDARD = gnu17;
				GCC_NO_COMMON_BLOCKS = YES;
				GCC_WARN_64_TO_32_BIT_CONVERSION = YES;
				GCC_WARN_ABOUT_RETURN_TYPE = YES_ERROR;
				GCC_WARN_UNDECLARED_SELECTOR = YES;
				GCC_WARN_UNINITIALIZED_AUTOS = YES_AGGRESSIVE;
				GCC_WARN_UNUSED_FUNCTION = YES;
				GCC_WARN_UNUSED_VARIABLE = YES;
				IPHONEOS_DEPLOYMENT_TARGET = 17.5;
				LOCALIZATION_PREFERS_STRING_CATALOGS = YES;
				MTL_ENABLE_DEBUG_INFO = NO;
				MTL_FAST_MATH = YES;
				SDKROOT = iphoneos;
				SWIFT_COMPILATION_MODE = wholemodule;
				VALIDATE_PRODUCT = YES;
			};
			name = Release;
		};
		7A7805FC2C872B8A0041A2B5 /* Debug */ = {
			isa = XCBuildConfiguration;
			buildSettings = {
				ASSETCATALOG_COMPILER_APPICON_NAME = AppIcon;
				ASSETCATALOG_COMPILER_GLOBAL_ACCENT_COLOR_NAME = AccentColor;
				CODE_SIGN_STYLE = Automatic;
				CURRENT_PROJECT_VERSION = 1;
				GENERATE_INFOPLIST_FILE = YES;
				INFOPLIST_FILE = Resources/Info.plist;
				INFOPLIST_KEY_UIApplicationSupportsIndirectInputEvents = YES;
				INFOPLIST_KEY_UILaunchStoryboardName = LaunchScreen;
				INFOPLIST_KEY_UISupportedInterfaceOrientations_iPad = "UIInterfaceOrientationPortrait UIInterfaceOrientationPortraitUpsideDown UIInterfaceOrientationLandscapeLeft UIInterfaceOrientationLandscapeRight";
				INFOPLIST_KEY_UISupportedInterfaceOrientations_iPhone = "UIInterfaceOrientationPortrait UIInterfaceOrientationLandscapeLeft UIInterfaceOrientationLandscapeRight";
				LD_RUNPATH_SEARCH_PATHS = (
					"$(inherited)",
					"@executable_path/Frameworks",
				);
				MARKETING_VERSION = 1.0;
				PRODUCT_BUNDLE_IDENTIFIER = com.practice.MarketPlace;
				PRODUCT_NAME = "$(TARGET_NAME)";
				SWIFT_EMIT_LOC_STRINGS = YES;
				SWIFT_VERSION = 5.0;
				TARGETED_DEVICE_FAMILY = "1,2";
			};
			name = Debug;
		};
		7A7805FD2C872B8A0041A2B5 /* Release */ = {
			isa = XCBuildConfiguration;
			buildSettings = {
				ASSETCATALOG_COMPILER_APPICON_NAME = AppIcon;
				ASSETCATALOG_COMPILER_GLOBAL_ACCENT_COLOR_NAME = AccentColor;
				CODE_SIGN_STYLE = Automatic;
				CURRENT_PROJECT_VERSION = 1;
				GENERATE_INFOPLIST_FILE = YES;
				INFOPLIST_FILE = Resources/Info.plist;
				INFOPLIST_KEY_UIApplicationSupportsIndirectInputEvents = YES;
				INFOPLIST_KEY_UILaunchStoryboardName = LaunchScreen;
				INFOPLIST_KEY_UISupportedInterfaceOrientations_iPad = "UIInterfaceOrientationPortrait UIInterfaceOrientationPortraitUpsideDown UIInterfaceOrientationLandscapeLeft UIInterfaceOrientationLandscapeRight";
				INFOPLIST_KEY_UISupportedInterfaceOrientations_iPhone = "UIInterfaceOrientationPortrait UIInterfaceOrientationLandscapeLeft UIInterfaceOrientationLandscapeRight";
				LD_RUNPATH_SEARCH_PATHS = (
					"$(inherited)",
					"@executable_path/Frameworks",
				);
				MARKETING_VERSION = 1.0;
				PRODUCT_BUNDLE_IDENTIFIER = com.practice.MarketPlace;
				PRODUCT_NAME = "$(TARGET_NAME)";
				SWIFT_EMIT_LOC_STRINGS = YES;
				SWIFT_VERSION = 5.0;
				TARGETED_DEVICE_FAMILY = "1,2";
			};
			name = Release;
		};
/* End XCBuildConfiguration section */

/* Begin XCConfigurationList section */
		7A7805E22C872B890041A2B5 /* Build configuration list for PBXProject "MarketPlace" */ = {
			isa = XCConfigurationList;
			buildConfigurations = (
				7A7805F92C872B8A0041A2B5 /* Debug */,
				7A7805FA2C872B8A0041A2B5 /* Release */,
			);
			defaultConfigurationIsVisible = 0;
			defaultConfigurationName = Release;
		};
		7A7805FB2C872B8A0041A2B5 /* Build configuration list for PBXNativeTarget "MarketPlace" */ = {
			isa = XCConfigurationList;
			buildConfigurations = (
				7A7805FC2C872B8A0041A2B5 /* Debug */,
				7A7805FD2C872B8A0041A2B5 /* Release */,
			);
			defaultConfigurationIsVisible = 0;
			defaultConfigurationName = Release;
		};
/* End XCConfigurationList section */

/* Begin XCRemoteSwiftPackageReference section */
		7A7806072C8732290041A2B5 /* XCRemoteSwiftPackageReference "SnapKit" */ = {
			isa = XCRemoteSwiftPackageReference;
			repositoryURL = "https://github.com/SnapKit/SnapKit.git";
			requirement = {
				kind = upToNextMajorVersion;
				minimumVersion = 5.7.1;
			};
		};
		7A78062C2C87E8210041A2B5 /* XCRemoteSwiftPackageReference "Nuke" */ = {
			isa = XCRemoteSwiftPackageReference;
			repositoryURL = "https://github.com/kean/Nuke.git";
			requirement = {
				kind = upToNextMajorVersion;
				minimumVersion = 12.8.0;
			};
		};
/* End XCRemoteSwiftPackageReference section */

/* Begin XCSwiftPackageProductDependency section */
		7A7806082C8732290041A2B5 /* SnapKit */ = {
			isa = XCSwiftPackageProductDependency;
			package = 7A7806072C8732290041A2B5 /* XCRemoteSwiftPackageReference "SnapKit" */;
			productName = SnapKit;
		};
		7A78062D2C87E8210041A2B5 /* Nuke */ = {
			isa = XCSwiftPackageProductDependency;
			package = 7A78062C2C87E8210041A2B5 /* XCRemoteSwiftPackageReference "Nuke" */;
			productName = Nuke;
		};
		7A78062F2C87E8210041A2B5 /* NukeExtensions */ = {
			isa = XCSwiftPackageProductDependency;
			package = 7A78062C2C87E8210041A2B5 /* XCRemoteSwiftPackageReference "Nuke" */;
			productName = NukeExtensions;
		};
		7A7806312C87E8210041A2B5 /* NukeUI */ = {
			isa = XCSwiftPackageProductDependency;
			package = 7A78062C2C87E8210041A2B5 /* XCRemoteSwiftPackageReference "Nuke" */;
			productName = NukeUI;
		};
		7A7806332C87E8210041A2B5 /* NukeVideo */ = {
			isa = XCSwiftPackageProductDependency;
			package = 7A78062C2C87E8210041A2B5 /* XCRemoteSwiftPackageReference "Nuke" */;
			productName = NukeVideo;
		};
/* End XCSwiftPackageProductDependency section */
	};
	rootObject = 7A7805DF2C872B890041A2B5 /* Project object */;
}
